
Microsoft Visual Studio Solution File, Format Version 12.00
# Visual Studio Version 17
VisualStudioVersion = 17.7.34221.43
MinimumVisualStudioVersion = 10.0.40219.1
Project("{FAE04EC0-301F-11D3-BF4B-00C04F79EFBC}") = "01_XAML", "01_XAML\01_XAML.csproj", "{C58130C4-56E0-4B5B-B6C8-7B22939A3A99}"
EndProject
Project("{FAE04EC0-301F-11D3-BF4B-00C04F79EFBC}") = "02_Views", "02_Views\02_Views.csproj", "{77A68D8C-995D-4FEB-8595-863CFC99B0BD}"
EndProject
Project("{FAE04EC0-301F-11D3-BF4B-00C04F79EFBC}") = "03_LayoutControls", "LayoutControls\03_LayoutControls.csproj", "{B7563F2E-243C-4E6B-86F3-39BABD86E04D}"
EndProject
Project("{FAE04EC0-301F-11D3-BF4B-00C04F79EFBC}") = "WpfClient", "..\WpfClient\WpfClient.csproj", "{A7642DD4-E28C-4966-BBFA-B49587486A47}"
EndProject
Project("{FAE04EC0-301F-11D3-BF4B-00C04F79EFBC}") = "ViewModels", "..\ViewModels\ViewModels.csproj", "{4D03CD9A-A019-499D-AA19-DEBEF2C70859}"
EndProject
Project("{FAE04EC0-301F-11D3-BF4B-00C04F79EFBC}") = "Domain", "..\Domain\Domain.csproj", "{C9DDEAB7-26E2-409E-9D83-6160819CFB50}"
EndProject
Project("{FAE04EC0-301F-11D3-BF4B-00C04F79EFBC}") = "Infrastructure", "..\Infrastructure\Infrastructure.csproj", "{B8080620-D478-4F67-AFDA-D82DB21E11C5}"
EndProject
Global
	GlobalSection(SolutionConfigurationPlatforms) = preSolution
		Debug|Any CPU = Debug|Any CPU
		Release|Any CPU = Release|Any CPU
	EndGlobalSection
	GlobalSection(ProjectConfigurationPlatforms) = postSolution
		{C58130C4-56E0-4B5B-B6C8-7B22939A3A99}.Debug|Any CPU.ActiveCfg = Debug|Any CPU
		{C58130C4-56E0-4B5B-B6C8-7B22939A3A99}.Debug|Any CPU.Build.0 = Debug|Any CPU
		{C58130C4-56E0-4B5B-B6C8-7B22939A3A99}.Release|Any CPU.ActiveCfg = Release|Any CPU
		{C58130C4-56E0-4B5B-B6C8-7B22939A3A99}.Release|Any CPU.Build.0 = Release|Any CPU
		{77A68D8C-995D-4FEB-8595-863CFC99B0BD}.Debug|Any CPU.ActiveCfg = Debug|Any CPU
		{77A68D8C-995D-4FEB-8595-863CFC99B0BD}.Debug|Any CPU.Build.0 = Debug|Any CPU
		{77A68D8C-995D-4FEB-8595-863CFC99B0BD}.Release|Any CPU.ActiveCfg = Release|Any CPU
		{77A68D8C-995D-4FEB-8595-863CFC99B0BD}.Release|Any CPU.Build.0 = Release|Any CPU
		{B7563F2E-243C-4E6B-86F3-39BABD86E04D}.Debug|Any CPU.ActiveCfg = Debug|Any CPU
		{B7563F2E-243C-4E6B-86F3-39BABD86E04D}.Debug|Any CPU.Build.0 = Debug|Any CPU
		{B7563F2E-243C-4E6B-86F3-39BABD86E04D}.Release|Any CPU.ActiveCfg = Release|Any CPU
		{B7563F2E-243C-4E6B-86F3-39BABD86E04D}.Release|Any CPU.Build.0 = Release|Any CPU
		{A7642DD4-E28C-4966-BBFA-B49587486A47}.Debug|Any CPU.ActiveCfg = Debug|Any CPU
		{A7642DD4-E28C-4966-BBFA-B49587486A47}.Debug|Any CPU.Build.0 = Debug|Any CPU
		{A7642DD4-E28C-4966-BBFA-B49587486A47}.Release|Any CPU.ActiveCfg = Release|Any CPU
		{A7642DD4-E28C-4966-BBFA-B49587486A47}.Release|Any CPU.Build.0 = Release|Any CPU
		{4D03CD9A-A019-499D-AA19-DEBEF2C70859}.Debug|Any CPU.ActiveCfg = Debug|Any CPU
		{4D03CD9A-A019-499D-AA19-DEBEF2C70859}.Debug|Any CPU.Build.0 = Debug|Any CPU
		{4D03CD9A-A019-499D-AA19-DEBEF2C70859}.Release|Any CPU.ActiveCfg = Release|Any CPU
		{4D03CD9A-A019-499D-AA19-DEBEF2C70859}.Release|Any CPU.Build.0 = Release|Any CPU
		{C9DDEAB7-26E2-409E-9D83-6160819CFB50}.Debug|Any CPU.ActiveCfg = Debug|Any CPU
		{C9DDEAB7-26E2-409E-9D83-6160819CFB50}.Debug|Any CPU.Build.0 = Debug|Any CPU
		{C9DDEAB7-26E2-409E-9D83-6160819CFB50}.Release|Any CPU.ActiveCfg = Release|Any CPU
		{C9DDEAB7-26E2-409E-9D83-6160819CFB50}.Release|Any CPU.Build.0 = Release|Any CPU
		{B8080620-D478-4F67-AFDA-D82DB21E11C5}.Debug|Any CPU.ActiveCfg = Debug|Any CPU
		{B8080620-D478-4F67-AFDA-D82DB21E11C5}.Debug|Any CPU.Build.0 = Debug|Any CPU
		{B8080620-D478-4F67-AFDA-D82DB21E11C5}.Release|Any CPU.ActiveCfg = Release|Any CPU
		{B8080620-D478-4F67-AFDA-D82DB21E11C5}.Release|Any CPU.Build.0 = Release|Any CPU
	EndGlobalSection
	GlobalSection(SolutionProperties) = preSolution
		HideSolutionNode = FALSE
	EndGlobalSection
	GlobalSection(ExtensibilityGlobals) = postSolution
		SolutionGuid = {AE8424DF-C4C1-4449-94D9-8422E47FB189}
	EndGlobalSection
EndGlobal
